<Solution>
  <Folder Name="/Elementos de la solución/" />
  <Project Path="../../../../../../Documents/trabajos unach semestre 2/programacion estructurada/python/Python prueba/Python prueba.pyproj" Type="888888a0-9f3d-457c-b088-3a5042f75d52" Id="b88dc2b5-6a0d-4587-914a-229df92b644f">
    <Build Project="false" />
  </Project>
  <Project Path="act 04/act 04 docente.pyproj" Type="888888a0-9f3d-457c-b088-3a5042f75d52" Id="13cd7491-9b33-4536-bcb4-3fc816103512">
    <Build Project="false" />
  </Project>
  <Project Path="act 05 IA/act 05 IA.pyproj" Type="888888a0-9f3d-457c-b088-3a5042f75d52" Id="642899f1-4cd5-46e0-bc3b-aa810c795099">
    <Build Project="false" />
  </Project>
  <Project Path="act 05 py py/act 05 py py.pyproj" Type="888888a0-9f3d-457c-b088-3a5042f75d52" Id="22c1aefa-55a1-4026-83b1-7b24b0ffcd5b">
    <Build Project="false" />
  </Project>
</Solution>
